
Microsoft Visual Studio Solution File, Format Version 12.00
# Visual Studio Version 16
VisualStudioVersion = 16.0.31025.194
MinimumVisualStudioVersion = 10.0.40219.1
Project("{FAE04EC0-301F-11D3-BF4B-00C04F79EFBC}") = "No Escape", "No Escape\No Escape.csproj", "{8FA29CDC-DD98-4525-A956-5AFDC21D7D86}"
EndProject
Global
	GlobalSection(SolutionConfigurationPlatforms) = preSolution
		Debug|Any CPU = Debug|Any CPU
		Release|Any CPU = Release|Any CPU
	EndGlobalSection
	GlobalSection(ProjectConfigurationPlatforms) = postSolution
		{8FA29CDC-DD98-4525-A956-5AFDC21D7D86}.Debug|Any CPU.ActiveCfg = Debug|Any CPU
		{8FA29CDC-DD98-4525-A956-5AFDC21D7D86}.Debug|Any CPU.Build.0 = Debug|Any CPU
		{8FA29CDC-DD98-4525-A956-5AFDC21D7D86}.Release|Any CPU.ActiveCfg = Release|Any CPU
		{8FA29CDC-DD98-4525-A956-5AFDC21D7D86}.Release|Any CPU.Build.0 = Release|Any CPU
	EndGlobalSection
	GlobalSection(SolutionProperties) = preSolution
		HideSolutionNode = FALSE
	EndGlobalSection
	GlobalSection(ExtensibilityGlobals) = postSolution
		SolutionGuid = {FC24AF35-A878-4C25-8B13-AC81EE7A8C1F}
	EndGlobalSection
EndGlobal
